
Microsoft Visual Studio Solution File, Format Version 12.00
# Visual Studio Version 17
VisualStudioVersion = 17.5.33502.453
MinimumVisualStudioVersion = 10.0.40219.1
Project("{FAE04EC0-301F-11D3-BF4B-00C04F79EFBC}") = "Clase 9 - Actividad 1", "Clase 9 - Actividad 1\Clase 9 - Actividad 1.csproj", "{3792F84C-79D9-4571-BC0E-0272754BFD34}"
EndProject
Global
	GlobalSection(SolutionConfigurationPlatforms) = preSolution
		Debug|Any CPU = Debug|Any CPU
		Release|Any CPU = Release|Any CPU
	EndGlobalSection
	GlobalSection(ProjectConfigurationPlatforms) = postSolution
		{3792F84C-79D9-4571-BC0E-0272754BFD34}.Debug|Any CPU.ActiveCfg = Debug|Any CPU
		{3792F84C-79D9-4571-BC0E-0272754BFD34}.Debug|Any CPU.Build.0 = Debug|Any CPU
		{3792F84C-79D9-4571-BC0E-0272754BFD34}.Release|Any CPU.ActiveCfg = Release|Any CPU
		{3792F84C-79D9-4571-BC0E-0272754BFD34}.Release|Any CPU.Build.0 = Release|Any CPU
	EndGlobalSection
	GlobalSection(SolutionProperties) = preSolution
		HideSolutionNode = FALSE
	EndGlobalSection
	GlobalSection(ExtensibilityGlobals) = postSolution
		SolutionGuid = {C4C71985-6D80-4ECC-8788-84C05516854D}
	EndGlobalSection
EndGlobal
